
Microsoft Visual Studio Solution File, Format Version 12.00
# Visual Studio Version 17
VisualStudioVersion = 17.6.33712.159
MinimumVisualStudioVersion = 10.0.40219.1
Project("{888888A0-9F3D-457C-B088-3A5042F75D52}") = "PythonHW1", "PythonHW1.pyproj", "{F0C32849-B722-4CDB-8CD3-62CE865120EF}"
EndProject
Global
	GlobalSection(SolutionConfigurationPlatforms) = preSolution
		Debug|Any CPU = Debug|Any CPU
		Release|Any CPU = Release|Any CPU
	EndGlobalSection
	GlobalSection(ProjectConfigurationPlatforms) = postSolution
		{F0C32849-B722-4CDB-8CD3-62CE865120EF}.Debug|Any CPU.ActiveCfg = Debug|Any CPU
		{F0C32849-B722-4CDB-8CD3-62CE865120EF}.Release|Any CPU.ActiveCfg = Release|Any CPU
	EndGlobalSection
	GlobalSection(SolutionProperties) = preSolution
		HideSolutionNode = FALSE
	EndGlobalSection
	GlobalSection(ExtensibilityGlobals) = postSolution
		SolutionGuid = {79F56D3F-CB2A-4B84-9167-C5FC873859CD}
	EndGlobalSection
EndGlobal
